10a285995c276298edb20e6a60e38394226ba642633f4e1e6bcfdd5d15a13ad3  ground_truth/anomalies.json
6678c2ab12800d36897ed348fab0e881c4ccee83c2dd030d29fb42f507d3f57f  ground_truth/drift.json
cc6c5ad0cf1216237da9a8811bc82df1f2e80208050e9c2668dc2f7c4aeb3c87  ground_truth/faults.json
574d526be6975f0ad4d2670028fc5170741575e9be6c8dd9ce435f66c6f022ab  ground_truth/kb_manifest.json
9f1c9ae0e50bde35298affb305ffb2c9721b48c0cb04eafea397ec58339365ae  ground_truth/kb_questions.json
e10cb011aeccf867165e4343f7d1adefc204803d32837267f390a59905ebffa5  ground_truth/mappings.json
3c942774894b5fb06c7081543411a1c0859337d6ac8f8c53b726f911d6aff089  ground_truth/reconciliation.json
309d3b17929b6a76ec80c8d9480278ec42c081896c353e40fc5797b50f8da8c2  kb/docs/MD-001.md
d6a5ae9513bc23aed6e41cbf08a0c144ecf5da5ed638e4f0b1be8ce20ba76bd2  kb/docs/MEMO-2025-05.md
a8a46af1369580169159b05ea1f06120af7ad46e18907efa2e6b4e775a20e293  kb/docs/MEMO-2025-07.md
9a034f4f82c35d05b2c5c9b4999adaab1384bddb91a7a0bc2aee05f1657e5bf3  kb/docs/MEMO-2025-11.md
2a67eeca36ae4adf534c68afb816b1ea494cc3c76ad77f83bcdce2b1f0c7824e  kb/docs/MEMO-2026-02.md
0e4e38ed39fd6bb6d039fa9ede73441efbda703e775bd8ec9c9d3d285df401d1  kb/docs/MEMO-2026-06.md
4a9d135e28991c8b084c2f5fc37b1f2e2612eef9da215ad8a164ff6553e59e32  kb/docs/PLANT-PLT-01.md
e43c383b1bd9a40a46d1029ccbbd5b9812926fe06390b7f7aba4d9e5c3d8269f  kb/docs/PLANT-PLT-02.md
ee9b743696c9d8e61b0cc34db60a77a7219c3f6f414b9aec941f03dff6fa1797  kb/docs/PLANT-PLT-03.md
52375ca6f89a336832604c023ffc5012e2f276cc15ef6d0a658560c46721067c  kb/docs/POL-ACC-001.md
5d0acfe62de66df8c6c45bfd9ce7557ebb3caaf8bd9370186e1cd0c2c8fd75e5  kb/docs/SLA-C000002.md
97e11fa7c35a70dece8a224ba777c4f190b03c944c6578289f2c005986797a81  kb/docs/SLA-C000031.md
0668fafba414ec12ac5a41873677284930f66346462b8cfc517c69aab7b8fd2d  kb/docs/SOP-DQ-001-v1.md
2357402b7f5180e6b026725d92a2694e2a1af2cc0d5e61e147a776c8d00e155b  kb/docs/SOP-DQ-001-v2.md
86d5a24e48e1da19c270997d7e5198e17e5e063abebe7027a4c31938c59e6d04  kb/docs/SOP-DQ-002.md
3db7374e09d42ab385876f35ef1b8edb91c6160296e9800a6aff112de38f29f8  kb/docs/SOP-OPS-001.md
6374fad243333ec0a53423416f4efaa922f34aca9b0271cc1876e0f953db4864  kb/docs/SOP-OPS-002.md
327b88d07e0e026aaa086e3c434ef49a376cb2634ee0415a478c4928bbdb72c4  kb/docs/SOP-OPS-003.md
0e8a4e81ed8cdad417d2963e536013a654fd05c6c0ca6f8e1bc49513966e8021  kb/docs/SOP-QA-001.md
0fb0e1a4ffffd61abe5544008931164182fff1d1da7d8cb57f81f1c120a4edbb  kb/docs/SOP-TR-001.md
a34a7c2d0fe6a68baae9d7f32517228b4b3b789a0f0a652f460df7a21c33350f  kb/docs/SOP-WH-001.md
83c02e3a2a89cefff46303234b37e7b3994c9cea1e3ee3ed449d53b221033de9  kb/docs/SPEC-LBL-001.md
35090a3fee03b9bbc1d83a82cebf31702a8c8fd6880047c16cbe3e3112efe737  kb/docs/SPEC-PG-001.md
0f1563c82ad61ebe328a6e9934eef4a17e2ee438512dc6b565681aa1d31b6a2a  kb/docs/SRC-PLT01-001.md
e8ff5bbf0e5116bd2dcb061fe8ce7e8a51f6434d2b94c69c373ead88966c736c  kb/docs/SRC-PLT02-001.md
7be91b0a32b743ca088b3c317296f035972a72cadf14a4c8b195c4e388da15f9  kb/docs/SRC-PLT03-001.md
6a687bdd6fa7c8545a18f2e5c59ef7b176ed0a9aa6aea91395a23df0af9fb636  kb/resolutions/prior_resolutions.json
d0887908a21c01a250de1452fe9a93815ef1e07893f2de919d67009abdadb111  master/customers.csv
09472e6be48df034959861a139adb2e8e32b89f78f909817ec452af439917c08  master/items.csv
b79d9d2bd227cd3e002979976ce037ecc5c8c04355f9a976c2634cf01b7830e2  master/lot_master.csv
60cfb9fdf56e7bdbd6179993778f93c7d3bbbc89ee916c67f7a4f0dfde710cbc  master/plants.csv
cc3b614ff35f77d050eeea534c9d58740dcce7420d484e1027864ca01f943d34  master/warehouses.csv
128db4f28bce0d286b2feb3fe6f8c670b68e6a946ebe05b7f83729eb2c880699  report_feed/tool1_legacy_delivery_report.csv
a8c25839a1e0e4813e8223cc17f790b6bea17c697a09e74c5c2ed028c6ee2c6f  report_feed/tool2_dashboard_otif_export.csv
84757ef89ff1e564816c5c2615cd061a3450df31d8f7e4d377bbdea0f9876739  sources/plt01/plt-01_orderlines_2025-03.csv
5740624ab5d4c6a2e72deb5500f643b8c92076783d5d6e09b1e9804196636421  sources/plt01/plt-01_orderlines_2025-04.csv
457ff3fc229ccd7a103491d83715ab24c10c046545921e2cab85a8015927fbc6  sources/plt01/plt-01_orderlines_2025-05.csv
2ab9e5f91915388be0538623e11046c753cd56a8dbcea0a81c87d17b3473820a  sources/plt01/plt-01_orderlines_2025-06.csv
a76cbf6df34653de7c0e7a4e9e6367b13153fd5ff3c1adcea5258e967e6ce378  sources/plt01/plt-01_orderlines_2025-07.csv
8521f444844c421d0f64b2227ee747fe0b4f5d9856400cd57bf064723d40dd17  sources/plt01/plt-01_orderlines_2025-08.csv
b75e684d697bcfb73da1a0611188641b2176ef632fd13aae96e0fc89a4ee6b8b  sources/plt01/plt-01_orderlines_2025-09.csv
c0f649f274f4d45c3c89f7157c20d14c754fdd92d8b107b8123825d60603148b  sources/plt01/plt-01_orderlines_2025-10.csv
b1b5c8310b3899f81adf27ec344ab8fedfc48618e537dbd8d467f517c478fdb3  sources/plt01/plt-01_orderlines_2025-11.csv
16398dc831780587111cc4b3cc947830848fd11d8d0cfbc1606c88be773efc15  sources/plt01/plt-01_orderlines_2025-12.csv
a7e4fc5b1dbc6d208c4f7c66d142d9b72c103418976d2f157df1a3f3980bf0e4  sources/plt01/plt-01_orderlines_2026-01.csv
f8555dafbd5a4b4acdf09497dabceea000864b9c18509f7f09457ac90deb17c3  sources/plt01/plt-01_orderlines_2026-02.csv
507fb6d5d21b84cde0d84f0434c2812dc4442d3723c4ae41941a4d69be80e3f6  sources/plt01/plt-01_orderlines_2026-03.csv
b6164e963f758324b05cc93b68589e482995ad506505b13e08a312c5d2724ef3  sources/plt01/plt-01_orderlines_2026-04.csv
81a584092bd8e1fb8bca849897f9bc2f1c838250e3d0e47ad4ab1e742c19a8bd  sources/plt01/plt-01_orderlines_2026-05.csv
58284149e816948177f938fb526ad214d5ead69ea2420feeca95c6ef5f3f9f2a  sources/plt01/plt-01_orderlines_2026-06.csv
74b5b5f903a718d605495991530ef3bf6455937586703791b2c18a86d758c8ab  sources/plt01/plt-01_orderlines_2026-07.csv
21998df90146d88114ba4a1cd941da08c9a8b1a357c0b98105dab0e9f6fde3a5  sources/plt01/plt-01_orderlines_2026-08.csv
f56f8b6b2a46c89759a6ba84064d176b6bf0aa8dac9332bea9d04b56719ab40e  sources/plt02/plt-02_orderlines_2025-03.csv
1548eba82bc45b29cdebb3561e67fc5b19eaa6656e682958152c42ea4a093809  sources/plt02/plt-02_orderlines_2025-04.csv
2b8645e9a17e6d981c54e6795e4d8bf42060b984814a0d411fe82fec436d878a  sources/plt02/plt-02_orderlines_2025-05.csv
f7475afd0d236364a621b55bd57bdaddb83ba070f285198d47df8c837a3f9b8d  sources/plt02/plt-02_orderlines_2025-06.csv
665a17d4b6443a57425a71dfdd263bac99fc1a74901d20013d3062baa7d77b80  sources/plt02/plt-02_orderlines_2025-07.csv
4409cf8abc7f650a2df519e3a245d116960e537b71989465e74bc60c31ce34ed  sources/plt02/plt-02_orderlines_2025-08.csv
71a247b155b3b3a3d977b656c248e3543e4db3a39c6d0b3243f545460482af05  sources/plt02/plt-02_orderlines_2025-09.csv
8525b509f3ee27906a9a4d7e009ec3e9836d4143fd2c1f6907dfa607ad2d292d  sources/plt02/plt-02_orderlines_2025-10.csv
37dae7a9dec9aebbbe003b527d7ee7b754c718b6e318d0f3f4c5a66f8173a4ab  sources/plt02/plt-02_orderlines_2025-11.csv
194c89b34adcd2ab8ef91d8c873b969ef14cf4ff679c7f9653cbf0046b7f4d9d  sources/plt02/plt-02_orderlines_2025-12.csv
984848510159216ceac7d65bcc2f46dccf447c1e5d36078b752873cd66a1babe  sources/plt02/plt-02_orderlines_2026-01.csv
8b7271de4afaf7b66fd106c6a12b7083fb6fa6e4796a8f5c2644bc1b17eda896  sources/plt02/plt-02_orderlines_2026-02.csv
05368d887f75ead77dfc49b59830f5497d88cb1b3a9195de7be032ece741aab6  sources/plt02/plt-02_orderlines_2026-03.csv
1ea968015c07ff5fc7c41f7a17717fe267169a8483b297274a7bf32ba00d7011  sources/plt02/plt-02_orderlines_2026-04.csv
e14e38ea859f6a5223eeb9f011729a1bc84e16d48b20b468c57ba246019f9a27  sources/plt02/plt-02_orderlines_2026-05.csv
f137e727f051b61c8ca36da8682259c426f59c444ef3d3e1a069425828048659  sources/plt02/plt-02_orderlines_2026-06.csv
6c2cbbb8bd989a54df9da3caacac9670328f93f10f496787f0b09d33fa8f9315  sources/plt02/plt-02_orderlines_2026-07.csv
d5420becd9c8f8598a6b221d1b88afbc4b77eb88f1e50b2523c202280b738df3  sources/plt02/plt-02_orderlines_2026-08.csv
1e0c29c3db746cac67f9e6c544aa3fa76583b2d1b40dcc4ef579c842468dfc36  sources/plt03/plt-03_orderlines_2025-03.csv
6e7d54e86650acc64371b235449f32b3e8420000942fa3374afcf716b28c9a32  sources/plt03/plt-03_orderlines_2025-04.csv
1b2db0f0827325b3af66b70caf9c9c39fcf24213b65f14d4db64185064e894d4  sources/plt03/plt-03_orderlines_2025-05.csv
bfb88a09a0ffdcce55c2d890bd63e7c2f123aeb01d03a218a2d7aab7df384e93  sources/plt03/plt-03_orderlines_2025-06.csv
7556da6e168014b6031e40688c8aee988cc3682bf5920c1fbffed4050f19963b  sources/plt03/plt-03_orderlines_2025-07.csv
2485ad45f697625f5bf0042c0961aa6099a8d91ac441ffb1b0f23e18bde52584  sources/plt03/plt-03_orderlines_2025-08.csv
2c8f2d0f1a7cb15b5e732919f0ca845fe6cc2d25af5f02cb04b97cfca36e7f4a  sources/plt03/plt-03_orderlines_2025-09.csv
db132e77b7cc4a1aef08464f89007fe5cc00eeb8825240571c3993665f62c5b9  sources/plt03/plt-03_orderlines_2025-10.csv
786a25d98cfd46f38dc1eb7bfaeee294d24645646f90d1678c8c1c7eb6a023f5  sources/plt03/plt-03_orderlines_2025-11.csv
dfbbf6aecb4e9c5e05d2f5f4bc32e42f6767f657667882d3b754c8e3a26aca42  sources/plt03/plt-03_orderlines_2025-12.csv
c303dc0e65b8825e89bc8f18d191ae97abd0f70456d74f6138a5427ef56b82a5  sources/plt03/plt-03_orderlines_2026-01.csv
ff17ca98b3f85d9fceb3a750eea9550bd0828248617e1769037cab7855576cf1  sources/plt03/plt-03_orderlines_2026-02.csv
d3d819fa751515e36551f7fa28498333dd707f6706ba8fcb9b6444ddd8b0fb9e  sources/plt03/plt-03_orderlines_2026-03.csv
638ecf865b9a7c579470fb31eb5fa9152c1eb14fa82077d40078e7461652ca77  sources/plt03/plt-03_orderlines_2026-04.csv
9d51f8446f34c2c42a0c05f81e3a3a9f9f9f68f64132927914cfaf2d4dd75463  sources/plt03/plt-03_orderlines_2026-05.csv
a97f1eb5a7de63022becf97a5203a578e10952898575beea71cc0c8f7b7bb25a  sources/plt03/plt-03_orderlines_2026-06.csv
1cdeaf0ed2546d41a34e7c7e14ef6500d06a1524035db8eb7fc6e37a74f8139d  sources/plt03/plt-03_orderlines_2026-07.csv
41c6de254685c3a0f494a3b3b72f988283a05a1724e4b2aacc2669f99d40468c  sources/plt03/plt-03_orderlines_2026-08.csv
